// !$*UTF8*$!
{
	archiveVersion = 1;
	classes = {
	};
	objectVersion = 46;
	objects = {

/* Begin PBXBuildFile section */
		71126B3E1DDE86750018BDCD /* DetailViewController.swift in Sources */ = {isa = PBXBuildFile; fileRef = 71126B3D1DDE86750018BDCD /* DetailViewController.swift */; };
		71126B401DDEA1A10018BDCD /* Goofy.jpg in Resources */ = {isa = PBXBuildFile; fileRef = 71126B3F1DDEA1A10018BDCD /* Goofy.jpg */; };
		71CB304C1DD580FE00FEFC0E /* AppDelegate.swift in Sources */ = {isa = PBXBuildFile; fileRef = 71CB304B1DD580FE00FEFC0E /* AppDelegate.swift */; };
		71CB304E1DD580FE00FEFC0E /* ViewController.swift in Sources */ = {isa = PBXBuildFile; fileRef = 71CB304D1DD580FE00FEFC0E /* ViewController.swift */; };
		71CB30511DD580FE00FEFC0E /* Main.storyboard in Resources */ = {isa = PBXBuildFile; fileRef = 71CB304F1DD580FE00FEFC0E /* Main.storyboard */; };
		71CB30531DD580FE00FEFC0E /* Assets.xcassets in Resources */ = {isa = PBXBuildFile; fileRef = 71CB30521DD580FE00FEFC0E /* Assets.xcassets */; };
		71CB30561DD580FE00FEFC0E /* LaunchScreen.storyboard in Resources */ = {isa = PBXBuildFile; fileRef = 71CB30541DD580FE00FEFC0E /* LaunchScreen.storyboard */; };
		71CB30611DD580FE00FEFC0E /* testBeacon2Tests.swift in Sources */ = {isa = PBXBuildFile; fileRef = 71CB30601DD580FE00FEFC0E /* testBeacon2Tests.swift */; };
		71CB306C1DD580FE00FEFC0E /* testBeacon2UITests.swift in Sources */ = {isa = PBXBuildFile; fileRef = 71CB306B1DD580FE00FEFC0E /* testBeacon2UITests.swift */; };
		71CB307A1DD5811300FEFC0E /* CoreLocation.framework in Frameworks */ = {isa = PBXBuildFile; fileRef = 71CB30791DD5811300FEFC0E /* CoreLocation.framework */; };
		71CB307C1DD58F0800FEFC0E /* Data.swift in Sources */ = {isa = PBXBuildFile; fileRef = 71CB307B1DD58F0800FEFC0E /* Data.swift */; };
/* End PBXBuildFile section */

/* Begin PBXContainerItemProxy section */
		71CB305D1DD580FE00FEFC0E /* PBXContainerItemProxy */ = {
			isa = PBXContainerItemProxy;
			containerPortal = 71CB30401DD580FE00FEFC0E /* Project object */;
			proxyType = 1;
			remoteGlobalIDString = 71CB30471DD580FE00FEFC0E;
			remoteInfo = testBeacon2;
		};
		71CB30681DD580FE00FEFC0E /* PBXContainerItemProxy */ = {
			isa = PBXContainerItemProxy;
			containerPortal = 71CB30401DD580FE00FEFC0E /* Project object */;
			proxyType = 1;
			remoteGlobalIDString = 71CB30471DD580FE00FEFC0E;
			remoteInfo = testBeacon2;
		};
/* End PBXContainerItemProxy section */

/* Begin PBXFileReference section */
		71126B3D1DDE86750018BDCD /* DetailViewController.swift */ = {isa = PBXFileReference; fileEncoding = 4; lastKnownFileType = sourcecode.swift; path = DetailViewController.swift; sourceTree = "<group>"; };
		71126B3F1DDEA1A10018BDCD /* Goofy.jpg */ = {isa = PBXFileReference; lastKnownFileType = image.jpeg; path = Goofy.jpg; sourceTree = SOURCE_ROOT; };
		71CB30481DD580FE00FEFC0E /* testBeacon2.app */ = {isa = PBXFileReference; explicitFileType = wrapper.application; includeInIndex = 0; path = testBeacon2.app; sourceTree = BUILT_PRODUCTS_DIR; };
		71CB304B1DD580FE00FEFC0E /* AppDelegate.swift */ = {isa = PBXFileReference; lastKnownFileType = sourcecode.swift; path = AppDelegate.swift; sourceTree = "<group>"; };
		71CB304D1DD580FE00FEFC0E /* ViewController.swift */ = {isa = PBXFileReference; lastKnownFileType = sourcecode.swift; path = ViewController.swift; sourceTree = "<group>"; };
		71CB30501DD580FE00FEFC0E /* Base */ = {isa = PBXFileReference; lastKnownFileType = file.storyboard; name = Base; path = Base.lproj/Main.storyboard; sourceTree = "<group>"; };
		71CB30521DD580FE00FEFC0E /* Assets.xcassets */ = {isa = PBXFileReference; lastKnownFileType = folder.assetcatalog; path = Assets.xcassets; sourceTree = "<group>"; };
		71CB30551DD580FE00FEFC0E /* Base */ = {isa = PBXFileReference; lastKnownFileType = file.storyboard; name = Base; path = Base.lproj/LaunchScreen.storyboard; sourceTree = "<group>"; };
		71CB30571DD580FE00FEFC0E /* Info.plist */ = {isa = PBXFileReference; lastKnownFileType = text.plist.xml; path = Info.plist; sourceTree = "<group>"; };
		71CB305C1DD580FE00FEFC0E /* testBeacon2Tests.xctest */ = {isa = PBXFileReference; explicitFileType = wrapper.cfbundle; includeInIndex = 0; path = testBeacon2Tests.xctest; sourceTree = BUILT_PRODUCTS_DIR; };
		71CB30601DD580FE00FEFC0E /* testBeacon2Tests.swift */ = {isa = PBXFileReference; lastKnownFileType = sourcecode.swift; path = testBeacon2Tests.swift; sourceTree = "<group>"; };
		71CB30621DD580FE00FEFC0E /* Info.plist */ = {isa = PBXFileReference; lastKnownFileType = text.plist.xml; path = Info.plist; sourceTree = "<group>"; };
		71CB30671DD580FE00FEFC0E /* testBeacon2UITests.xctest */ = {isa = PBXFileReference; explicitFileType = wrapper.cfbundle; includeInIndex = 0; path = testBeacon2UITests.xctest; sourceTree = BUILT_PRODUCTS_DIR; };
		71CB306B1DD580FE00FEFC0E /* testBeacon2UITests.swift */ = {isa = PBXFileReference; lastKnownFileType = sourcecode.swift; path = testBeacon2UITests.swift; sourceTree = "<group>"; };
		71CB306D1DD580FE00FEFC0E /* Info.plist */ = {isa = PBXFileReference; lastKnownFileType = text.plist.xml; path = Info.plist; sourceTree = "<group>"; };
		71CB30791DD5811300FEFC0E /* CoreLocation.framework */ = {isa = PBXFileReference; lastKnownFileType = wrapper.framework; name = CoreLocation.framework; path = System/Library/Frameworks/CoreLocation.framework; sourceTree = SDKROOT; };
		71CB307B1DD58F0800FEFC0E /* Data.swift */ = {isa = PBXFileReference; fileEncoding = 4; lastKnownFileType = sourcecode.swift; path = Data.swift; sourceTree = "<group>"; };
/* End PBXFileReference section */

/* Begin PBXFrameworksBuildPhase section */
		71CB30451DD580FE00FEFC0E /* Frameworks */ = {
			isa = PBXFrameworksBuildPhase;
			buildActionMask = 2147483647;
			files = (
				71CB307A1DD5811300FEFC0E /* CoreLocation.framework in Frameworks */,
			);
			runOnlyForDeploymentPostprocessing = 0;
		};
		71CB30591DD580FE00FEFC0E /* Frameworks */ = {
			isa = PBXFrameworksBuildPhase;
			buildActionMask = 2147483647;
			files = (
			);
			runOnlyForDeploymentPostprocessing = 0;
		};
		71CB30641DD580FE00FEFC0E /* Frameworks */ = {
			isa = PBXFrameworksBuildPhase;
			buildActionMask = 2147483647;
			files = (
			);
			runOnlyForDeploymentPostprocessing = 0;
		};
/* End PBXFrameworksBuildPhase section */

/* Begin PBXGroup section */
		71CB303F1DD580FE00FEFC0E = {
			isa = PBXGroup;
			children = (
				71CB30791DD5811300FEFC0E /* CoreLocation.framework */,
				71CB304A1DD580FE00FEFC0E /* testBeacon2 */,
				71CB305F1DD580FE00FEFC0E /* testBeacon2Tests */,
				71CB306A1DD580FE00FEFC0E /* testBeacon2UITests */,
				71CB30491DD580FE00FEFC0E /* Products */,
			);
			sourceTree = "<group>";
		};
		71CB30491DD580FE00FEFC0E /* Products */ = {
			isa = PBXGroup;
			children = (
				71CB30481DD580FE00FEFC0E /* testBeacon2.app */,
				71CB305C1DD580FE00FEFC0E /* testBeacon2Tests.xctest */,
				71CB30671DD580FE00FEFC0E /* testBeacon2UITests.xctest */,
			);
			name = Products;
			sourceTree = "<group>";
		};
		71CB304A1DD580FE00FEFC0E /* testBeacon2 */ = {
			isa = PBXGroup;
			children = (
				71126B3F1DDEA1A10018BDCD /* Goofy.jpg */,
				71CB304B1DD580FE00FEFC0E /* AppDelegate.swift */,
				71CB304D1DD580FE00FEFC0E /* ViewController.swift */,
				71CB304F1DD580FE00FEFC0E /* Main.storyboard */,
				71126B3D1DDE86750018BDCD /* DetailViewController.swift */,
				71CB307B1DD58F0800FEFC0E /* Data.swift */,
				71CB30521DD580FE00FEFC0E /* Assets.xcassets */,
				71CB30571DD580FE00FEFC0E /* Info.plist */,
				71CB30541DD580FE00FEFC0E /* LaunchScreen.storyboard */,
			);
			path = testBeacon2;
			sourceTree = "<group>";
		};
		71CB305F1DD580FE00FEFC0E /* testBeacon2Tests */ = {
			isa = PBXGroup;
			children = (
				71CB30601DD580FE00FEFC0E /* testBeacon2Tests.swift */,
				71CB30621DD580FE00FEFC0E /* Info.plist */,
			);
			path = testBeacon2Tests;
			sourceTree = "<group>";
		};
		71CB306A1DD580FE00FEFC0E /* testBeacon2UITests */ = {
			isa = PBXGroup;
			children = (
				71CB306B1DD580FE00FEFC0E /* testBeacon2UITests.swift */,
				71CB306D1DD580FE00FEFC0E /* Info.plist */,
			);
			path = testBeacon2UITests;
			sourceTree = "<group>";
		};
/* End PBXGroup section */

/* Begin PBXNativeTarget section */
		71CB30471DD580FE00FEFC0E /* testBeacon2 */ = {
			isa = PBXNativeTarget;
			buildConfigurationList = 71CB30701DD580FE00FEFC0E /* Build configuration list for PBXNativeTarget "testBeacon2" */;
			buildPhases = (
				71CB30441DD580FE00FEFC0E /* Sources */,
				71CB30451DD580FE00FEFC0E /* Frameworks */,
				71CB30461DD580FE00FEFC0E /* Resources */,
			);
			buildRules = (
			);
			dependencies = (
			);
			name = testBeacon2;
			productName = testBeacon2;
			productReference = 71CB30481DD580FE00FEFC0E /* testBeacon2.app */;
			productType = "com.apple.product-type.application";
		};
		71CB305B1DD580FE00FEFC0E /* testBeacon2Tests */ = {
			isa = PBXNativeTarget;
			buildConfigurationList = 71CB30731DD580FE00FEFC0E /* Build configuration list for PBXNativeTarget "testBeacon2Tests" */;
			buildPhases = (
				71CB30581DD580FE00FEFC0E /* Sources */,
				71CB30591DD580FE00FEFC0E /* Frameworks */,
				71CB305A1DD580FE00FEFC0E /* Resources */,
			);
			buildRules = (
			);
			dependencies = (
				71CB305E1DD580FE00FEFC0E /* PBXTargetDependency */,
			);
			name = testBeacon2Tests;
			productName = testBeacon2Tests;
			productReference = 71CB305C1DD580FE00FEFC0E /* testBeacon2Tests.xctest */;
			productType = "com.apple.product-type.bundle.unit-test";
		};
		71CB30661DD580FE00FEFC0E /* testBeacon2UITests */ = {
			isa = PBXNativeTarget;
			buildConfigurationList = 71CB30761DD580FE00FEFC0E /* Build configuration list for PBXNativeTarget "testBeacon2UITests" */;
			buildPhases = (
				71CB30631DD580FE00FEFC0E /* Sources */,
				71CB30641DD580FE00FEFC0E /* Frameworks */,
				71CB30651DD580FE00FEFC0E /* Resources */,
			);
			buildRules = (
			);
			dependencies = (
				71CB30691DD580FE00FEFC0E /* PBXTargetDependency */,
			);
			name = testBeacon2UITests;
			productName = testBeacon2UITests;
			productReference = 71CB30671DD580FE00FEFC0E /* testBeacon2UITests.xctest */;
			productType = "com.apple.product-type.bundle.ui-testing";
		};
/* End PBXNativeTarget section */

/* Begin PBXProject section */
		71CB30401DD580FE00FEFC0E /* Project object */ = {
			isa = PBXProject;
			attributes = {
				LastSwiftUpdateCheck = 0730;
				LastUpgradeCheck = 0730;
				ORGANIZATIONNAME = ITuser;
				TargetAttributes = {
					71CB30471DD580FE00FEFC0E = {
						CreatedOnToolsVersion = 7.3;
						DevelopmentTeam = WL47M7W2DS;
					};
					71CB305B1DD580FE00FEFC0E = {
						CreatedOnToolsVersion = 7.3;
						DevelopmentTeam = X39KZ2S9J3;
						TestTargetID = 71CB30471DD580FE00FEFC0E;
					};
					71CB30661DD580FE00FEFC0E = {
						CreatedOnToolsVersion = 7.3;
						DevelopmentTeam = X39KZ2S9J3;
						TestTargetID = 71CB30471DD580FE00FEFC0E;
					};
				};
			};
			buildConfigurationList = 71CB30431DD580FE00FEFC0E /* Build configuration list for PBXProject "testBeacon2" */;
			compatibilityVersion = "Xcode 3.2";
			developmentRegion = English;
			hasScannedForEncodings = 0;
			knownRegions = (
				en,
				Base,
			);
			mainGroup = 71CB303F1DD580FE00FEFC0E;
			productRefGroup = 71CB30491DD580FE00FEFC0E /* Products */;
			projectDirPath = "";
			projectRoot = "";
			targets = (
				71CB30471DD580FE00FEFC0E /* testBeacon2 */,
				71CB305B1DD580FE00FEFC0E /* testBeacon2Tests */,
				71CB30661DD580FE00FEFC0E /* testBeacon2UITests */,
			);
		};
/* End PBXProject section */

/* Begin PBXResourcesBuildPhase section */
		71CB30461DD580FE00FEFC0E /* Resources */ = {
			isa = PBXResourcesBuildPhase;
			buildActionMask = 2147483647;
			files = (
				71126B401DDEA1A10018BDCD /* Goofy.jpg in Resources */,
				71CB30561DD580FE00FEFC0E /* LaunchScreen.storyboard in Resources */,
				71CB30531DD580FE00FEFC0E /* Assets.xcassets in Resources */,
				71CB30511DD580FE00FEFC0E /* Main.storyboard in Resources */,
			);
			runOnlyForDeploymentPostprocessing = 0;
		};
		71CB305A1DD580FE00FEFC0E /* Resources */ = {
			isa = PBXResourcesBuildPhase;
			buildActionMask = 2147483647;
			files = (
			);
			runOnlyForDeploymentPostprocessing = 0;
		};
		71CB30651DD580FE00FEFC0E /* Resources */ = {
			isa = PBXResourcesBuildPhase;
			buildActionMask = 2147483647;
			files = (
			);
			runOnlyForDeploymentPostprocessing = 0;
		};
/* End PBXResourcesBuildPhase section */

/* Begin PBXSourcesBuildPhase section */
		71CB30441DD580FE00FEFC0E /* Sources */ = {
			isa = PBXSourcesBuildPhase;
			buildActionMask = 2147483647;
			files = (
				71CB304E1DD580FE00FEFC0E /* ViewController.swift in Sources */,
				71CB307C1DD58F0800FEFC0E /* Data.swift in Sources */,
				71CB304C1DD580FE00FEFC0E /* AppDelegate.swift in Sources */,
				71126B3E1DDE86750018BDCD /* DetailViewController.swift in Sources */,
			);
			runOnlyForDeploymentPostprocessing = 0;
		};
		71CB30581DD580FE00FEFC0E /* Sources */ = {
			isa = PBXSourcesBuildPhase;
			buildActionMask = 2147483647;
			files = (
				71CB30611DD580FE00FEFC0E /* testBeacon2Tests.swift in Sources */,
			);
			runOnlyForDeploymentPostprocessing = 0;
		};
		71CB30631DD580FE00FEFC0E /* Sources */ = {
			isa = PBXSourcesBuildPhase;
			buildActionMask = 2147483647;
			files = (
				71CB306C1DD580FE00FEFC0E /* testBeacon2UITests.swift in Sources */,
			);
			runOnlyForDeploymentPostprocessing = 0;
		};
/* End PBXSourcesBuildPhase section */

/* Begin PBXTargetDependency section */
		71CB305E1DD580FE00FEFC0E /* PBXTargetDependency */ = {
			isa = PBXTargetDependency;
			target = 71CB30471DD580FE00FEFC0E /* testBeacon2 */;
			targetProxy = 71CB305D1DD580FE00FEFC0E /* PBXContainerItemProxy */;
		};
		71CB30691DD580FE00FEFC0E /* PBXTargetDependency */ = {
			isa = PBXTargetDependency;
			target = 71CB30471DD580FE00FEFC0E /* testBeacon2 */;
			targetProxy = 71CB30681DD580FE00FEFC0E /* PBXContainerItemProxy */;
		};
/* End PBXTargetDependency section */

/* Begin PBXVariantGroup section */
		71CB304F1DD580FE00FEFC0E /* Main.storyboard */ = {
			isa = PBXVariantGroup;
			children = (
				71CB30501DD580FE00FEFC0E /* Base */,
			);
			name = Main.storyboard;
			sourceTree = "<group>";
		};
		71CB30541DD580FE00FEFC0E /* LaunchScreen.storyboard */ = {
			isa = PBXVariantGroup;
			children = (
				71CB30551DD580FE00FEFC0E /* Base */,
			);
			name = LaunchScreen.storyboard;
			sourceTree = "<group>";
		};
/* End PBXVariantGroup section */

/* Begin XCBuildConfiguration section */
		71CB306E1DD580FE00FEFC0E /* Debug */ = {
			isa = XCBuildConfiguration;
			buildSettings = {
				ALWAYS_SEARCH_USER_PATHS = NO;
				CLANG_ANALYZER_NONNULL = YES;
				CLANG_CXX_LANGUAGE_STANDARD = "gnu++0x";
				CLANG_CXX_LIBRARY = "libc++";
				CLANG_ENABLE_MODULES = YES;
				CLANG_ENABLE_OBJC_ARC = YES;
				CLANG_WARN_BOOL_CONVERSION = YES;
				CLANG_WARN_CONSTANT_CONVERSION = YES;
				CLANG_WARN_DIRECT_OBJC_ISA_USAGE = YES_ERROR;
				CLANG_WARN_EMPTY_BODY = YES;
				CLANG_WARN_ENUM_CONVERSION = YES;
				CLANG_WARN_INT_CONVERSION = YES;
				CLANG_WARN_OBJC_ROOT_CLASS = YES_ERROR;
				CLANG_WARN_UNREACHABLE_CODE = YES;
				CLANG_WARN__DUPLICATE_METHOD_MATCH = YES;
				"CODE_SIGN_IDENTITY[sdk=iphoneos*]" = "iPhone Developer";
				COPY_PHASE_STRIP = NO;
				DEBUG_INFORMATION_FORMAT = dwarf;
				ENABLE_STRICT_OBJC_MSGSEND = YES;
				ENABLE_TESTABILITY = YES;
				GCC_C_LANGUAGE_STANDARD = gnu99;
				GCC_DYNAMIC_NO_PIC = NO;
				GCC_NO_COMMON_BLOCKS = YES;
				GCC_OPTIMIZATION_LEVEL = 0;
				GCC_PREPROCESSOR_DEFINITIONS = (
					"DEBUG=1",
					"$(inherited)",
				);
				GCC_WARN_64_TO_32_BIT_CONVERSION = YES;
				GCC_WARN_ABOUT_RETURN_TYPE = YES_ERROR;
				GCC_WARN_UNDECLARED_SELECTOR = YES;
				GCC_WARN_UNINITIALIZED_AUTOS = YES_AGGRESSIVE;
				GCC_WARN_UNUSED_FUNCTION = YES;
				GCC_WARN_UNUSED_VARIABLE = YES;
				IPHONEOS_DEPLOYMENT_TARGET = 9.3;
				MTL_ENABLE_DEBUG_INFO = YES;
				ONLY_ACTIVE_ARCH = YES;
				SDKROOT = iphoneos;
				SWIFT_OPTIMIZATION_LEVEL = "-Onone";
				TARGETED_DEVICE_FAMILY = "1,2";
			};
			name = Debug;
		};
		71CB306F1DD580FE00FEFC0E /* Release */ = {
			isa = XCBuildConfiguration;
			buildSettings = {
				ALWAYS_SEARCH_USER_PATHS = NO;
				CLANG_ANALYZER_NONNULL = YES;
				CLANG_CXX_LANGUAGE_STANDARD = "gnu++0x";
				CLANG_CXX_LIBRARY = "libc++";
				CLANG_ENABLE_MODULES = YES;
				CLANG_ENABLE_OBJC_ARC = YES;
				CLANG_WARN_BOOL_CONVERSION = YES;
				CLANG_WARN_CONSTANT_CONVERSION = YES;
				CLANG_WARN_DIRECT_OBJC_ISA_USAGE = YES_ERROR;
				CLANG_WARN_EMPTY_BODY = YES;
				CLANG_WARN_ENUM_CONVERSION = YES;
				CLANG_WARN_INT_CONVERSION = YES;
				CLANG_WARN_OBJC_ROOT_CLASS = YES_ERROR;
				CLANG_WARN_UNREACHABLE_CODE = YES;
				CLANG_WARN__DUPLICATE_METHOD_MATCH = YES;
				"CODE_SIGN_IDENTITY[sdk=iphoneos*]" = "iPhone Developer";
				COPY_PHASE_STRIP = NO;
				DEBUG_INFORMATION_FORMAT = "dwarf-with-dsym";
				ENABLE_NS_ASSERTIONS = NO;
				ENABLE_STRICT_OBJC_MSGSEND = YES;
				GCC_C_LANGUAGE_STANDARD = gnu99;
				GCC_NO_COMMON_BLOCKS = YES;
				GCC_WARN_64_TO_32_BIT_CONVERSION = YES;
				GCC_WARN_ABOUT_RETURN_TYPE = YES_ERROR;
				GCC_WARN_UNDECLARED_SELECTOR = YES;
				GCC_WARN_UNINITIALIZED_AUTOS = YES_AGGRESSIVE;
				GCC_WARN_UNUSED_FUNCTION = YES;
				GCC_WARN_UNUSED_VARIABLE = YES;
				IPHONEOS_DEPLOYMENT_TARGET = 9.3;
				MTL_ENABLE_DEBUG_INFO = NO;
				SDKROOT = iphoneos;
				TARGETED_DEVICE_FAMILY = "1,2";
				VALIDATE_PRODUCT = YES;
			};
			name = Release;
		};
		71CB30711DD580FE00FEFC0E /* Debug */ = {
			isa = XCBuildConfiguration;
			buildSettings = {
				ASSETCATALOG_COMPILER_APPICON_NAME = AppIcon;
				CODE_SIGN_IDENTITY = "iPhone Developer";
				"CODE_SIGN_IDENTITY[sdk=iphoneos*]" = "iPhone Developer";
				INFOPLIST_FILE = testBeacon2/Info.plist;
				IPHONEOS_DEPLOYMENT_TARGET = 8.4;
				LD_RUNPATH_SEARCH_PATHS = "$(inherited) @executable_path/Frameworks";
				PRODUCT_BUNDLE_IDENTIFIER = neec.testBeacon2.1;
				PRODUCT_NAME = "$(TARGET_NAME)";
				PROVISIONING_PROFILE = "";
			};
			name = Debug;
		};
		71CB30721DD580FE00FEFC0E /* Release */ = {
			isa = XCBuildConfiguration;
			buildSettings = {
				ASSETCATALOG_COMPILER_APPICON_NAME = AppIcon;
				CODE_SIGN_IDENTITY = "iPhone Developer";
				"CODE_SIGN_IDENTITY[sdk=iphoneos*]" = "iPhone Developer";
				INFOPLIST_FILE = testBeacon2/Info.plist;
				IPHONEOS_DEPLOYMENT_TARGET = 8.4;
				LD_RUNPATH_SEARCH_PATHS = "$(inherited) @executable_path/Frameworks";
				PRODUCT_BUNDLE_IDENTIFIER = neec.testBeacon2.1;
				PRODUCT_NAME = "$(TARGET_NAME)";
				PROVISIONING_PROFILE = "";
			};
			name = Release;
		};
		71CB30741DD580FE00FEFC0E /* Debug */ = {
			isa = XCBuildConfiguration;
			buildSettings = {
				BUNDLE_LOADER = "$(TEST_HOST)";
				INFOPLIST_FILE = testBeacon2Tests/Info.plist;
				LD_RUNPATH_SEARCH_PATHS = "$(inherited) @executable_path/Frameworks @loader_path/Frameworks";
				PRODUCT_BUNDLE_IDENTIFIER = jp.ac.neec.testBeacon2Tests;
				PRODUCT_NAME = "$(TARGET_NAME)";
				TEST_HOST = "$(BUILT_PRODUCTS_DIR)/testBeacon2.app/testBeacon2";
			};
			name = Debug;
		};
		71CB30751DD580FE00FEFC0E /* Release */ = {
			isa = XCBuildConfiguration;
			buildSettings = {
				BUNDLE_LOADER = "$(TEST_HOST)";
				INFOPLIST_FILE = testBeacon2Tests/Info.plist;
				LD_RUNPATH_SEARCH_PATHS = "$(inherited) @executable_path/Frameworks @loader_path/Frameworks";
				PRODUCT_BUNDLE_IDENTIFIER = jp.ac.neec.testBeacon2Tests;
				PRODUCT_NAME = "$(TARGET_NAME)";
				TEST_HOST = "$(BUILT_PRODUCTS_DIR)/testBeacon2.app/testBeacon2";
			};
			name = Release;
		};
		71CB30771DD580FE00FEFC0E /* Debug */ = {
			isa = XCBuildConfiguration;
			buildSettings = {
				INFOPLIST_FILE = testBeacon2UITests/Info.plist;
				LD_RUNPATH_SEARCH_PATHS = "$(inherited) @executable_path/Frameworks @loader_path/Frameworks";
				PRODUCT_BUNDLE_IDENTIFIER = jp.ac.neec.testBeacon2UITests;
				PRODUCT_NAME = "$(TARGET_NAME)";
				TEST_TARGET_NAME = testBeacon2;
			};
			name = Debug;
		};
		71CB30781DD580FE00FEFC0E /* Release */ = {
			isa = XCBuildConfiguration;
			buildSettings = {
				INFOPLIST_FILE = testBeacon2UITests/Info.plist;
				LD_RUNPATH_SEARCH_PATHS = "$(inherited) @executable_path/Frameworks @loader_path/Frameworks";
				PRODUCT_BUNDLE_IDENTIFIER = jp.ac.neec.testBeacon2UITests;
				PRODUCT_NAME = "$(TARGET_NAME)";
				TEST_TARGET_NAME = testBeacon2;
			};
			name = Release;
		};
/* End XCBuildConfiguration section */

/* Begin XCConfigurationList section */
		71CB30431DD580FE00FEFC0E /* Build configuration list for PBXProject "testBeacon2" */ = {
			isa = XCConfigurationList;
			buildConfigurations = (
				71CB306E1DD580FE00FEFC0E /* Debug */,
				71CB306F1DD580FE00FEFC0E /* Release */,
			);
			defaultConfigurationIsVisible = 0;
			defaultConfigurationName = Release;
		};
		71CB30701DD580FE00FEFC0E /* Build configuration list for PBXNativeTarget "testBeacon2" */ = {
			isa = XCConfigurationList;
			buildConfigurations = (
				71CB30711DD580FE00FEFC0E /* Debug */,
				71CB30721DD580FE00FEFC0E /* Release */,
			);
			defaultConfigurationIsVisible = 0;
			defaultConfigurationName = Release;
		};
		71CB30731DD580FE00FEFC0E /* Build configuration list for PBXNativeTarget "testBeacon2Tests" */ = {
			isa = XCConfigurationList;
			buildConfigurations = (
				71CB30741DD580FE00FEFC0E /* Debug */,
				71CB30751DD580FE00FEFC0E /* Release */,
			);
			defaultConfigurationIsVisible = 0;
			defaultConfigurationName = Release;
		};
		71CB30761DD580FE00FEFC0E /* Build configuration list for PBXNativeTarget "testBeacon2UITests" */ = {
			isa = XCConfigurationList;
			buildConfigurations = (
				71CB30771DD580FE00FEFC0E /* Debug */,
				71CB30781DD580FE00FEFC0E /* Release */,
			);
			defaultConfigurationIsVisible = 0;
			defaultConfigurationName = Release;
		};
/* End XCConfigurationList section */
	};
	rootObject = 71CB30401DD580FE00FEFC0E /* Project object */;
}
