// !$*UTF8*$!
{
	archiveVersion = 1;
	classes = {
	};
	objectVersion = 46;
	objects = {

/* Begin PBXBuildFile section */
		712D4B7F1DCC49F9009B4DA9 /* AppDelegate.swift in Sources */ = {isa = PBXBuildFile; fileRef = 712D4B7E1DCC49F9009B4DA9 /* AppDelegate.swift */; };
		712D4B811DCC49F9009B4DA9 /* ViewController.swift in Sources */ = {isa = PBXBuildFile; fileRef = 712D4B801DCC49F9009B4DA9 /* ViewController.swift */; };
		712D4B841DCC49F9009B4DA9 /* Main.storyboard in Resources */ = {isa = PBXBuildFile; fileRef = 712D4B821DCC49F9009B4DA9 /* Main.storyboard */; };
		712D4B861DCC49F9009B4DA9 /* Assets.xcassets in Resources */ = {isa = PBXBuildFile; fileRef = 712D4B851DCC49F9009B4DA9 /* Assets.xcassets */; };
		712D4B891DCC49F9009B4DA9 /* LaunchScreen.storyboard in Resources */ = {isa = PBXBuildFile; fileRef = 712D4B871DCC49F9009B4DA9 /* LaunchScreen.storyboard */; };
		712D4B941DCC49F9009B4DA9 /* escapegameTests.swift in Sources */ = {isa = PBXBuildFile; fileRef = 712D4B931DCC49F9009B4DA9 /* escapegameTests.swift */; };
		712D4B9F1DCC49FA009B4DA9 /* escapegameUITests.swift in Sources */ = {isa = PBXBuildFile; fileRef = 712D4B9E1DCC49FA009B4DA9 /* escapegameUITests.swift */; };
		712D4BAD1DCC5296009B4DA9 /* escapeViewController.swift in Sources */ = {isa = PBXBuildFile; fileRef = 712D4BAC1DCC5296009B4DA9 /* escapeViewController.swift */; };
/* End PBXBuildFile section */

/* Begin PBXContainerItemProxy section */
		712D4B901DCC49F9009B4DA9 /* PBXContainerItemProxy */ = {
			isa = PBXContainerItemProxy;
			containerPortal = 712D4B731DCC49F9009B4DA9 /* Project object */;
			proxyType = 1;
			remoteGlobalIDString = 712D4B7A1DCC49F9009B4DA9;
			remoteInfo = escapegame;
		};
		712D4B9B1DCC49FA009B4DA9 /* PBXContainerItemProxy */ = {
			isa = PBXContainerItemProxy;
			containerPortal = 712D4B731DCC49F9009B4DA9 /* Project object */;
			proxyType = 1;
			remoteGlobalIDString = 712D4B7A1DCC49F9009B4DA9;
			remoteInfo = escapegame;
		};
/* End PBXContainerItemProxy section */

/* Begin PBXFileReference section */
		712D4B7B1DCC49F9009B4DA9 /* escapegame.app */ = {isa = PBXFileReference; explicitFileType = wrapper.application; includeInIndex = 0; path = escapegame.app; sourceTree = BUILT_PRODUCTS_DIR; };
		712D4B7E1DCC49F9009B4DA9 /* AppDelegate.swift */ = {isa = PBXFileReference; lastKnownFileType = sourcecode.swift; path = AppDelegate.swift; sourceTree = "<group>"; };
		712D4B801DCC49F9009B4DA9 /* ViewController.swift */ = {isa = PBXFileReference; lastKnownFileType = sourcecode.swift; path = ViewController.swift; sourceTree = "<group>"; };
		712D4B831DCC49F9009B4DA9 /* Base */ = {isa = PBXFileReference; lastKnownFileType = file.storyboard; name = Base; path = Base.lproj/Main.storyboard; sourceTree = "<group>"; };
		712D4B851DCC49F9009B4DA9 /* Assets.xcassets */ = {isa = PBXFileReference; lastKnownFileType = folder.assetcatalog; path = Assets.xcassets; sourceTree = "<group>"; };
		712D4B881DCC49F9009B4DA9 /* Base */ = {isa = PBXFileReference; lastKnownFileType = file.storyboard; name = Base; path = Base.lproj/LaunchScreen.storyboard; sourceTree = "<group>"; };
		712D4B8A1DCC49F9009B4DA9 /* Info.plist */ = {isa = PBXFileReference; lastKnownFileType = text.plist.xml; path = Info.plist; sourceTree = "<group>"; };
		712D4B8F1DCC49F9009B4DA9 /* escapegameTests.xctest */ = {isa = PBXFileReference; explicitFileType = wrapper.cfbundle; includeInIndex = 0; path = escapegameTests.xctest; sourceTree = BUILT_PRODUCTS_DIR; };
		712D4B931DCC49F9009B4DA9 /* escapegameTests.swift */ = {isa = PBXFileReference; lastKnownFileType = sourcecode.swift; path = escapegameTests.swift; sourceTree = "<group>"; };
		712D4B951DCC49F9009B4DA9 /* Info.plist */ = {isa = PBXFileReference; lastKnownFileType = text.plist.xml; path = Info.plist; sourceTree = "<group>"; };
		712D4B9A1DCC49F9009B4DA9 /* escapegameUITests.xctest */ = {isa = PBXFileReference; explicitFileType = wrapper.cfbundle; includeInIndex = 0; path = escapegameUITests.xctest; sourceTree = BUILT_PRODUCTS_DIR; };
		712D4B9E1DCC49FA009B4DA9 /* escapegameUITests.swift */ = {isa = PBXFileReference; lastKnownFileType = sourcecode.swift; path = escapegameUITests.swift; sourceTree = "<group>"; };
		712D4BA01DCC49FA009B4DA9 /* Info.plist */ = {isa = PBXFileReference; lastKnownFileType = text.plist.xml; path = Info.plist; sourceTree = "<group>"; };
		712D4BAC1DCC5296009B4DA9 /* escapeViewController.swift */ = {isa = PBXFileReference; fileEncoding = 4; lastKnownFileType = sourcecode.swift; name = escapeViewController.swift; path = ../escapeViewController.swift; sourceTree = "<group>"; };
/* End PBXFileReference section */

/* Begin PBXFrameworksBuildPhase section */
		712D4B781DCC49F9009B4DA9 /* Frameworks */ = {
			isa = PBXFrameworksBuildPhase;
			buildActionMask = 2147483647;
			files = (
			);
			runOnlyForDeploymentPostprocessing = 0;
		};
		712D4B8C1DCC49F9009B4DA9 /* Frameworks */ = {
			isa = PBXFrameworksBuildPhase;
			buildActionMask = 2147483647;
			files = (
			);
			runOnlyForDeploymentPostprocessing = 0;
		};
		712D4B971DCC49F9009B4DA9 /* Frameworks */ = {
			isa = PBXFrameworksBuildPhase;
			buildActionMask = 2147483647;
			files = (
			);
			runOnlyForDeploymentPostprocessing = 0;
		};
/* End PBXFrameworksBuildPhase section */

/* Begin PBXGroup section */
		712D4B721DCC49F9009B4DA9 = {
			isa = PBXGroup;
			children = (
				712D4B7D1DCC49F9009B4DA9 /* escapegame */,
				712D4B921DCC49F9009B4DA9 /* escapegameTests */,
				712D4B9D1DCC49FA009B4DA9 /* escapegameUITests */,
				712D4B7C1DCC49F9009B4DA9 /* Products */,
			);
			sourceTree = "<group>";
		};
		712D4B7C1DCC49F9009B4DA9 /* Products */ = {
			isa = PBXGroup;
			children = (
				712D4B7B1DCC49F9009B4DA9 /* escapegame.app */,
				712D4B8F1DCC49F9009B4DA9 /* escapegameTests.xctest */,
				712D4B9A1DCC49F9009B4DA9 /* escapegameUITests.xctest */,
			);
			name = Products;
			sourceTree = "<group>";
		};
		712D4B7D1DCC49F9009B4DA9 /* escapegame */ = {
			isa = PBXGroup;
			children = (
				712D4BAC1DCC5296009B4DA9 /* escapeViewController.swift */,
				712D4B7E1DCC49F9009B4DA9 /* AppDelegate.swift */,
				712D4B801DCC49F9009B4DA9 /* ViewController.swift */,
				712D4B821DCC49F9009B4DA9 /* Main.storyboard */,
				712D4B851DCC49F9009B4DA9 /* Assets.xcassets */,
				712D4B871DCC49F9009B4DA9 /* LaunchScreen.storyboard */,
				712D4B8A1DCC49F9009B4DA9 /* Info.plist */,
			);
			path = escapegame;
			sourceTree = "<group>";
		};
		712D4B921DCC49F9009B4DA9 /* escapegameTests */ = {
			isa = PBXGroup;
			children = (
				712D4B931DCC49F9009B4DA9 /* escapegameTests.swift */,
				712D4B951DCC49F9009B4DA9 /* Info.plist */,
			);
			path = escapegameTests;
			sourceTree = "<group>";
		};
		712D4B9D1DCC49FA009B4DA9 /* escapegameUITests */ = {
			isa = PBXGroup;
			children = (
				712D4B9E1DCC49FA009B4DA9 /* escapegameUITests.swift */,
				712D4BA01DCC49FA009B4DA9 /* Info.plist */,
			);
			path = escapegameUITests;
			sourceTree = "<group>";
		};
/* End PBXGroup section */

/* Begin PBXNativeTarget section */
		712D4B7A1DCC49F9009B4DA9 /* escapegame */ = {
			isa = PBXNativeTarget;
			buildConfigurationList = 712D4BA31DCC49FA009B4DA9 /* Build configuration list for PBXNativeTarget "escapegame" */;
			buildPhases = (
				712D4B771DCC49F9009B4DA9 /* Sources */,
				712D4B781DCC49F9009B4DA9 /* Frameworks */,
				712D4B791DCC49F9009B4DA9 /* Resources */,
			);
			buildRules = (
			);
			dependencies = (
			);
			name = escapegame;
			productName = escapegame;
			productReference = 712D4B7B1DCC49F9009B4DA9 /* escapegame.app */;
			productType = "com.apple.product-type.application";
		};
		712D4B8E1DCC49F9009B4DA9 /* escapegameTests */ = {
			isa = PBXNativeTarget;
			buildConfigurationList = 712D4BA61DCC49FA009B4DA9 /* Build configuration list for PBXNativeTarget "escapegameTests" */;
			buildPhases = (
				712D4B8B1DCC49F9009B4DA9 /* Sources */,
				712D4B8C1DCC49F9009B4DA9 /* Frameworks */,
				712D4B8D1DCC49F9009B4DA9 /* Resources */,
			);
			buildRules = (
			);
			dependencies = (
				712D4B911DCC49F9009B4DA9 /* PBXTargetDependency */,
			);
			name = escapegameTests;
			productName = escapegameTests;
			productReference = 712D4B8F1DCC49F9009B4DA9 /* escapegameTests.xctest */;
			productType = "com.apple.product-type.bundle.unit-test";
		};
		712D4B991DCC49F9009B4DA9 /* escapegameUITests */ = {
			isa = PBXNativeTarget;
			buildConfigurationList = 712D4BA91DCC49FA009B4DA9 /* Build configuration list for PBXNativeTarget "escapegameUITests" */;
			buildPhases = (
				712D4B961DCC49F9009B4DA9 /* Sources */,
				712D4B971DCC49F9009B4DA9 /* Frameworks */,
				712D4B981DCC49F9009B4DA9 /* Resources */,
			);
			buildRules = (
			);
			dependencies = (
				712D4B9C1DCC49FA009B4DA9 /* PBXTargetDependency */,
			);
			name = escapegameUITests;
			productName = escapegameUITests;
			productReference = 712D4B9A1DCC49F9009B4DA9 /* escapegameUITests.xctest */;
			productType = "com.apple.product-type.bundle.ui-testing";
		};
/* End PBXNativeTarget section */

/* Begin PBXProject section */
		712D4B731DCC49F9009B4DA9 /* Project object */ = {
			isa = PBXProject;
			attributes = {
				LastSwiftUpdateCheck = 0730;
				LastUpgradeCheck = 0730;
				ORGANIZATIONNAME = "ITユーザー";
				TargetAttributes = {
					712D4B7A1DCC49F9009B4DA9 = {
						CreatedOnToolsVersion = 7.3;
						DevelopmentTeam = APKY324UJZ;
					};
					712D4B8E1DCC49F9009B4DA9 = {
						CreatedOnToolsVersion = 7.3;
						DevelopmentTeam = APKY324UJZ;
						TestTargetID = 712D4B7A1DCC49F9009B4DA9;
					};
					712D4B991DCC49F9009B4DA9 = {
						CreatedOnToolsVersion = 7.3;
						DevelopmentTeam = APKY324UJZ;
						TestTargetID = 712D4B7A1DCC49F9009B4DA9;
					};
				};
			};
			buildConfigurationList = 712D4B761DCC49F9009B4DA9 /* Build configuration list for PBXProject "escapegame" */;
			compatibilityVersion = "Xcode 3.2";
			developmentRegion = English;
			hasScannedForEncodings = 0;
			knownRegions = (
				en,
				Base,
			);
			mainGroup = 712D4B721DCC49F9009B4DA9;
			productRefGroup = 712D4B7C1DCC49F9009B4DA9 /* Products */;
			projectDirPath = "";
			projectRoot = "";
			targets = (
				712D4B7A1DCC49F9009B4DA9 /* escapegame */,
				712D4B8E1DCC49F9009B4DA9 /* escapegameTests */,
				712D4B991DCC49F9009B4DA9 /* escapegameUITests */,
			);
		};
/* End PBXProject section */

/* Begin PBXResourcesBuildPhase section */
		712D4B791DCC49F9009B4DA9 /* Resources */ = {
			isa = PBXResourcesBuildPhase;
			buildActionMask = 2147483647;
			files = (
				712D4B891DCC49F9009B4DA9 /* LaunchScreen.storyboard in Resources */,
				712D4B861DCC49F9009B4DA9 /* Assets.xcassets in Resources */,
				712D4B841DCC49F9009B4DA9 /* Main.storyboard in Resources */,
			);
			runOnlyForDeploymentPostprocessing = 0;
		};
		712D4B8D1DCC49F9009B4DA9 /* Resources */ = {
			isa = PBXResourcesBuildPhase;
			buildActionMask = 2147483647;
			files = (
			);
			runOnlyForDeploymentPostprocessing = 0;
		};
		712D4B981DCC49F9009B4DA9 /* Resources */ = {
			isa = PBXResourcesBuildPhase;
			buildActionMask = 2147483647;
			files = (
			);
			runOnlyForDeploymentPostprocessing = 0;
		};
/* End PBXResourcesBuildPhase section */

/* Begin PBXSourcesBuildPhase section */
		712D4B771DCC49F9009B4DA9 /* Sources */ = {
			isa = PBXSourcesBuildPhase;
			buildActionMask = 2147483647;
			files = (
				712D4B811DCC49F9009B4DA9 /* ViewController.swift in Sources */,
				712D4B7F1DCC49F9009B4DA9 /* AppDelegate.swift in Sources */,
				712D4BAD1DCC5296009B4DA9 /* escapeViewController.swift in Sources */,
			);
			runOnlyForDeploymentPostprocessing = 0;
		};
		712D4B8B1DCC49F9009B4DA9 /* Sources */ = {
			isa = PBXSourcesBuildPhase;
			buildActionMask = 2147483647;
			files = (
				712D4B941DCC49F9009B4DA9 /* escapegameTests.swift in Sources */,
			);
			runOnlyForDeploymentPostprocessing = 0;
		};
		712D4B961DCC49F9009B4DA9 /* Sources */ = {
			isa = PBXSourcesBuildPhase;
			buildActionMask = 2147483647;
			files = (
				712D4B9F1DCC49FA009B4DA9 /* escapegameUITests.swift in Sources */,
			);
			runOnlyForDeploymentPostprocessing = 0;
		};
/* End PBXSourcesBuildPhase section */

/* Begin PBXTargetDependency section */
		712D4B911DCC49F9009B4DA9 /* PBXTargetDependency */ = {
			isa = PBXTargetDependency;
			target = 712D4B7A1DCC49F9009B4DA9 /* escapegame */;
			targetProxy = 712D4B901DCC49F9009B4DA9 /* PBXContainerItemProxy */;
		};
		712D4B9C1DCC49FA009B4DA9 /* PBXTargetDependency */ = {
			isa = PBXTargetDependency;
			target = 712D4B7A1DCC49F9009B4DA9 /* escapegame */;
			targetProxy = 712D4B9B1DCC49FA009B4DA9 /* PBXContainerItemProxy */;
		};
/* End PBXTargetDependency section */

/* Begin PBXVariantGroup section */
		712D4B821DCC49F9009B4DA9 /* Main.storyboard */ = {
			isa = PBXVariantGroup;
			children = (
				712D4B831DCC49F9009B4DA9 /* Base */,
			);
			name = Main.storyboard;
			sourceTree = "<group>";
		};
		712D4B871DCC49F9009B4DA9 /* LaunchScreen.storyboard */ = {
			isa = PBXVariantGroup;
			children = (
				712D4B881DCC49F9009B4DA9 /* Base */,
			);
			name = LaunchScreen.storyboard;
			sourceTree = "<group>";
		};
/* End PBXVariantGroup section */

/* Begin XCBuildConfiguration section */
		712D4BA11DCC49FA009B4DA9 /* Debug */ = {
			isa = XCBuildConfiguration;
			buildSettings = {
				ALWAYS_SEARCH_USER_PATHS = NO;
				CLANG_ANALYZER_NONNULL = YES;
				CLANG_CXX_LANGUAGE_STANDARD = "gnu++0x";
				CLANG_CXX_LIBRARY = "libc++";
				CLANG_ENABLE_MODULES = YES;
				CLANG_ENABLE_OBJC_ARC = YES;
				CLANG_WARN_BOOL_CONVERSION = YES;
				CLANG_WARN_CONSTANT_CONVERSION = YES;
				CLANG_WARN_DIRECT_OBJC_ISA_USAGE = YES_ERROR;
				CLANG_WARN_EMPTY_BODY = YES;
				CLANG_WARN_ENUM_CONVERSION = YES;
				CLANG_WARN_INT_CONVERSION = YES;
				CLANG_WARN_OBJC_ROOT_CLASS = YES_ERROR;
				CLANG_WARN_UNREACHABLE_CODE = YES;
				CLANG_WARN__DUPLICATE_METHOD_MATCH = YES;
				"CODE_SIGN_IDENTITY[sdk=iphoneos*]" = "iPhone Developer";
				COPY_PHASE_STRIP = NO;
				DEBUG_INFORMATION_FORMAT = dwarf;
				ENABLE_STRICT_OBJC_MSGSEND = YES;
				ENABLE_TESTABILITY = YES;
				GCC_C_LANGUAGE_STANDARD = gnu99;
				GCC_DYNAMIC_NO_PIC = NO;
				GCC_NO_COMMON_BLOCKS = YES;
				GCC_OPTIMIZATION_LEVEL = 0;
				GCC_PREPROCESSOR_DEFINITIONS = (
					"DEBUG=1",
					"$(inherited)",
				);
				GCC_WARN_64_TO_32_BIT_CONVERSION = YES;
				GCC_WARN_ABOUT_RETURN_TYPE = YES_ERROR;
				GCC_WARN_UNDECLARED_SELECTOR = YES;
				GCC_WARN_UNINITIALIZED_AUTOS = YES_AGGRESSIVE;
				GCC_WARN_UNUSED_FUNCTION = YES;
				GCC_WARN_UNUSED_VARIABLE = YES;
				IPHONEOS_DEPLOYMENT_TARGET = 9.3;
				MTL_ENABLE_DEBUG_INFO = YES;
				ONLY_ACTIVE_ARCH = YES;
				SDKROOT = iphoneos;
				SWIFT_OPTIMIZATION_LEVEL = "-Onone";
				TARGETED_DEVICE_FAMILY = "1,2";
			};
			name = Debug;
		};
		712D4BA21DCC49FA009B4DA9 /* Release */ = {
			isa = XCBuildConfiguration;
			buildSettings = {
				ALWAYS_SEARCH_USER_PATHS = NO;
				CLANG_ANALYZER_NONNULL = YES;
				CLANG_CXX_LANGUAGE_STANDARD = "gnu++0x";
				CLANG_CXX_LIBRARY = "libc++";
				CLANG_ENABLE_MODULES = YES;
				CLANG_ENABLE_OBJC_ARC = YES;
				CLANG_WARN_BOOL_CONVERSION = YES;
				CLANG_WARN_CONSTANT_CONVERSION = YES;
				CLANG_WARN_DIRECT_OBJC_ISA_USAGE = YES_ERROR;
				CLANG_WARN_EMPTY_BODY = YES;
				CLANG_WARN_ENUM_CONVERSION = YES;
				CLANG_WARN_INT_CONVERSION = YES;
				CLANG_WARN_OBJC_ROOT_CLASS = YES_ERROR;
				CLANG_WARN_UNREACHABLE_CODE = YES;
				CLANG_WARN__DUPLICATE_METHOD_MATCH = YES;
				"CODE_SIGN_IDENTITY[sdk=iphoneos*]" = "iPhone Developer";
				COPY_PHASE_STRIP = NO;
				DEBUG_INFORMATION_FORMAT = "dwarf-with-dsym";
				ENABLE_NS_ASSERTIONS = NO;
				ENABLE_STRICT_OBJC_MSGSEND = YES;
				GCC_C_LANGUAGE_STANDARD = gnu99;
				GCC_NO_COMMON_BLOCKS = YES;
				GCC_WARN_64_TO_32_BIT_CONVERSION = YES;
				GCC_WARN_ABOUT_RETURN_TYPE = YES_ERROR;
				GCC_WARN_UNDECLARED_SELECTOR = YES;
				GCC_WARN_UNINITIALIZED_AUTOS = YES_AGGRESSIVE;
				GCC_WARN_UNUSED_FUNCTION = YES;
				GCC_WARN_UNUSED_VARIABLE = YES;
				IPHONEOS_DEPLOYMENT_TARGET = 9.3;
				MTL_ENABLE_DEBUG_INFO = NO;
				SDKROOT = iphoneos;
				TARGETED_DEVICE_FAMILY = "1,2";
				VALIDATE_PRODUCT = YES;
			};
			name = Release;
		};
		712D4BA41DCC49FA009B4DA9 /* Debug */ = {
			isa = XCBuildConfiguration;
			buildSettings = {
				ASSETCATALOG_COMPILER_APPICON_NAME = AppIcon;
				INFOPLIST_FILE = escapegame/Info.plist;
				LD_RUNPATH_SEARCH_PATHS = "$(inherited) @executable_path/Frameworks";
				PRODUCT_BUNDLE_IDENTIFIER = jp.ac.neec.escapegame;
				PRODUCT_NAME = "$(TARGET_NAME)";
			};
			name = Debug;
		};
		712D4BA51DCC49FA009B4DA9 /* Release */ = {
			isa = XCBuildConfiguration;
			buildSettings = {
				ASSETCATALOG_COMPILER_APPICON_NAME = AppIcon;
				INFOPLIST_FILE = escapegame/Info.plist;
				LD_RUNPATH_SEARCH_PATHS = "$(inherited) @executable_path/Frameworks";
				PRODUCT_BUNDLE_IDENTIFIER = jp.ac.neec.escapegame;
				PRODUCT_NAME = "$(TARGET_NAME)";
			};
			name = Release;
		};
		712D4BA71DCC49FA009B4DA9 /* Debug */ = {
			isa = XCBuildConfiguration;
			buildSettings = {
				BUNDLE_LOADER = "$(TEST_HOST)";
				INFOPLIST_FILE = escapegameTests/Info.plist;
				LD_RUNPATH_SEARCH_PATHS = "$(inherited) @executable_path/Frameworks @loader_path/Frameworks";
				PRODUCT_BUNDLE_IDENTIFIER = jp.ac.neec.escapegameTests;
				PRODUCT_NAME = "$(TARGET_NAME)";
				TEST_HOST = "$(BUILT_PRODUCTS_DIR)/escapegame.app/escapegame";
			};
			name = Debug;
		};
		712D4BA81DCC49FA009B4DA9 /* Release */ = {
			isa = XCBuildConfiguration;
			buildSettings = {
				BUNDLE_LOADER = "$(TEST_HOST)";
				INFOPLIST_FILE = escapegameTests/Info.plist;
				LD_RUNPATH_SEARCH_PATHS = "$(inherited) @executable_path/Frameworks @loader_path/Frameworks";
				PRODUCT_BUNDLE_IDENTIFIER = jp.ac.neec.escapegameTests;
				PRODUCT_NAME = "$(TARGET_NAME)";
				TEST_HOST = "$(BUILT_PRODUCTS_DIR)/escapegame.app/escapegame";
			};
			name = Release;
		};
		712D4BAA1DCC49FA009B4DA9 /* Debug */ = {
			isa = XCBuildConfiguration;
			buildSettings = {
				INFOPLIST_FILE = escapegameUITests/Info.plist;
				LD_RUNPATH_SEARCH_PATHS = "$(inherited) @executable_path/Frameworks @loader_path/Frameworks";
				PRODUCT_BUNDLE_IDENTIFIER = jp.ac.neec.escapegameUITests;
				PRODUCT_NAME = "$(TARGET_NAME)";
				TEST_TARGET_NAME = escapegame;
			};
			name = Debug;
		};
		712D4BAB1DCC49FA009B4DA9 /* Release */ = {
			isa = XCBuildConfiguration;
			buildSettings = {
				INFOPLIST_FILE = escapegameUITests/Info.plist;
				LD_RUNPATH_SEARCH_PATHS = "$(inherited) @executable_path/Frameworks @loader_path/Frameworks";
				PRODUCT_BUNDLE_IDENTIFIER = jp.ac.neec.escapegameUITests;
				PRODUCT_NAME = "$(TARGET_NAME)";
				TEST_TARGET_NAME = escapegame;
			};
			name = Release;
		};
/* End XCBuildConfiguration section */

/* Begin XCConfigurationList section */
		712D4B761DCC49F9009B4DA9 /* Build configuration list for PBXProject "escapegame" */ = {
			isa = XCConfigurationList;
			buildConfigurations = (
				712D4BA11DCC49FA009B4DA9 /* Debug */,
				712D4BA21DCC49FA009B4DA9 /* Release */,
			);
			defaultConfigurationIsVisible = 0;
			defaultConfigurationName = Release;
		};
		712D4BA31DCC49FA009B4DA9 /* Build configuration list for PBXNativeTarget "escapegame" */ = {
			isa = XCConfigurationList;
			buildConfigurations = (
				712D4BA41DCC49FA009B4DA9 /* Debug */,
				712D4BA51DCC49FA009B4DA9 /* Release */,
			);
			defaultConfigurationIsVisible = 0;
		};
		712D4BA61DCC49FA009B4DA9 /* Build configuration list for PBXNativeTarget "escapegameTests" */ = {
			isa = XCConfigurationList;
			buildConfigurations = (
				712D4BA71DCC49FA009B4DA9 /* Debug */,
				712D4BA81DCC49FA009B4DA9 /* Release */,
			);
			defaultConfigurationIsVisible = 0;
		};
		712D4BA91DCC49FA009B4DA9 /* Build configuration list for PBXNativeTarget "escapegameUITests" */ = {
			isa = XCConfigurationList;
			buildConfigurations = (
				712D4BAA1DCC49FA009B4DA9 /* Debug */,
				712D4BAB1DCC49FA009B4DA9 /* Release */,
			);
			defaultConfigurationIsVisible = 0;
		};
/* End XCConfigurationList section */
	};
	rootObject = 712D4B731DCC49F9009B4DA9 /* Project object */;
}
